
Microsoft Visual Studio Solution File, Format Version 12.00
# Visual Studio Version 17
VisualStudioVersion = 17.12.35728.132 d17.12
MinimumVisualStudioVersion = 10.0.40219.1
Project("{FAE04EC0-301F-11D3-BF4B-00C04F79EFBC}") = "azure-slot-test", "azure-slot-test.csproj", "{4703D785-3613-4BCF-9FFA-EC990A185145}"
EndProject
Global
	GlobalSection(SolutionConfigurationPlatforms) = preSolution
		Debug|Any CPU = Debug|Any CPU
		Release|Any CPU = Release|Any CPU
	EndGlobalSection
	GlobalSection(ProjectConfigurationPlatforms) = postSolution
		{4703D785-3613-4BCF-9FFA-EC990A185145}.Debug|Any CPU.ActiveCfg = Debug|Any CPU
		{4703D785-3613-4BCF-9FFA-EC990A185145}.Debug|Any CPU.Build.0 = Debug|Any CPU
		{4703D785-3613-4BCF-9FFA-EC990A185145}.Release|Any CPU.ActiveCfg = Release|Any CPU
		{4703D785-3613-4BCF-9FFA-EC990A185145}.Release|Any CPU.Build.0 = Release|Any CPU
	EndGlobalSection
	GlobalSection(SolutionProperties) = preSolution
		HideSolutionNode = FALSE
	EndGlobalSection
EndGlobal
